
Microsoft Visual Studio Solution File, Format Version 12.00
# Visual Studio 2013
VisualStudioVersion = 12.0.31101.0
MinimumVisualStudioVersion = 10.0.40219.1
Project("{FAE04EC0-301F-11D3-BF4B-00C04F79EFBC}") = "DynamicKatanaPipeline", "DynamicKatanaPipeline\DynamicKatanaPipeline.csproj", "{1CC74F32-322D-4F12-9CB0-47E9D91F1B5E}"
EndProject
Project("{FAE04EC0-301F-11D3-BF4B-00C04F79EFBC}") = "Host", "Host\Host.csproj", "{539183FB-11F6-44A3-866A-9C33A88BFD66}"
EndProject
Global
	GlobalSection(SolutionConfigurationPlatforms) = preSolution
		Debug|Any CPU = Debug|Any CPU
		Release|Any CPU = Release|Any CPU
	EndGlobalSection
	GlobalSection(ProjectConfigurationPlatforms) = postSolution
		{1CC74F32-322D-4F12-9CB0-47E9D91F1B5E}.Debug|Any CPU.ActiveCfg = Debug|Any CPU
		{1CC74F32-322D-4F12-9CB0-47E9D91F1B5E}.Debug|Any CPU.Build.0 = Debug|Any CPU
		{1CC74F32-322D-4F12-9CB0-47E9D91F1B5E}.Release|Any CPU.ActiveCfg = Release|Any CPU
		{1CC74F32-322D-4F12-9CB0-47E9D91F1B5E}.Release|Any CPU.Build.0 = Release|Any CPU
		{539183FB-11F6-44A3-866A-9C33A88BFD66}.Debug|Any CPU.ActiveCfg = Debug|Any CPU
		{539183FB-11F6-44A3-866A-9C33A88BFD66}.Debug|Any CPU.Build.0 = Debug|Any CPU
		{539183FB-11F6-44A3-866A-9C33A88BFD66}.Release|Any CPU.ActiveCfg = Release|Any CPU
		{539183FB-11F6-44A3-866A-9C33A88BFD66}.Release|Any CPU.Build.0 = Release|Any CPU
	EndGlobalSection
	GlobalSection(SolutionProperties) = preSolution
		HideSolutionNode = FALSE
	EndGlobalSection
EndGlobal
